{
  "meteor": {},
  "dependencies": {
    "basePackages": {
      "iron-router": {}
    },
    "packages": {
      "iron-router": {
        "git": "https://github.com/EventedMind/iron-router.git",
        "tag": "v0.6.3",
        "commit": "79861385df5d2b667630ec82abe4de3efa3166e3"
      }
    }
  }
}
