{
  "meteor": {},
  "dependencies": {
    "basePackages": {
      "iron-router": {},
      "select2": {}
    },
    "packages": {
      "iron-router": {
        "git": "https://github.com/EventedMind/iron-router.git",
        "tag": "v0.6.3",
        "commit": "79861385df5d2b667630ec82abe4de3efa3166e3"
      },
      "select2": {
        "git": "https://github.com/nate-strauser/meteor-select2.git",
        "tag": "v3.4.5",
        "commit": "4a8d05582b949a14f0ee217c185166abbf112822"
      }
    }
  }
}
